// !$*UTF8*$!
{
	archiveVersion = 1;
	classes = {
	};
	objectVersion = 45;
	objects = {

/* Begin PBXBuildFile section */
		1D60589F0D05DD5A006BFB54 /* Foundation.framework in Frameworks */ = {isa = PBXBuildFile; fileRef = 1D30AB110D05D00D00671497 /* Foundation.framework */; };
		1DF5F4E00D08C38300B7A737 /* UIKit.framework in Frameworks */ = {isa = PBXBuildFile; fileRef = 1DF5F4DF0D08C38300B7A737 /* UIKit.framework */; };
		288765590DF743DE002DB57D /* CoreGraphics.framework in Frameworks */ = {isa = PBXBuildFile; fileRef = 288765580DF743DE002DB57D /* CoreGraphics.framework */; };
		4446EBF721FF1DEE00B6C52F /* AppDelegate.swift in Sources */ = {isa = PBXBuildFile; fileRef = 4446EBF621FF1DED00B6C52F /* AppDelegate.swift */; };
		4446EBF921FF22D400B6C52F /* MainLaunchScreen.storyboard in Resources */ = {isa = PBXBuildFile; fileRef = 4446EBF821FF22D400B6C52F /* MainLaunchScreen.storyboard */; };
		4446EBFB21FF25EF00B6C52F /* Montserrat-Regular.ttf in Resources */ = {isa = PBXBuildFile; fileRef = 4446EBFA21FF25EF00B6C52F /* Montserrat-Regular.ttf */; };
		4446EBFD21FF268800B6C52F /* Montserrat-SemiBold.ttf in Resources */ = {isa = PBXBuildFile; fileRef = 4446EBFC21FF268800B6C52F /* Montserrat-SemiBold.ttf */; };
		4446EC0021FF2A1E00B6C52F /* Card.swift in Sources */ = {isa = PBXBuildFile; fileRef = 4446EBFF21FF2A1E00B6C52F /* Card.swift */; };
		4446EC0521FF2BF700B6C52F /* CardsViewModel.swift in Sources */ = {isa = PBXBuildFile; fileRef = 4446EC0421FF2BF700B6C52F /* CardsViewModel.swift */; };
		4446EC0721FF64CA00B6C52F /* RestButtonHeader.swift in Sources */ = {isa = PBXBuildFile; fileRef = 4446EC0621FF64CA00B6C52F /* RestButtonHeader.swift */; };
		4446EC092200685000B6C52F /* Montserrat-Light.ttf in Resources */ = {isa = PBXBuildFile; fileRef = 4446EC082200685000B6C52F /* Montserrat-Light.ttf */; };
		4446EC0B22006A7200B6C52F /* WorkSans-Regular.ttf in Resources */ = {isa = PBXBuildFile; fileRef = 4446EC0A22006A7200B6C52F /* WorkSans-Regular.ttf */; };
		4446EC0D22006BBF00B6C52F /* OpenSans-Regular.ttf in Resources */ = {isa = PBXBuildFile; fileRef = 4446EC0C22006BBF00B6C52F /* OpenSans-Regular.ttf */; };
		4446EC1022007DC400B6C52F /* QuestionViewController.swift in Sources */ = {isa = PBXBuildFile; fileRef = 4446EC0F22007DC400B6C52F /* QuestionViewController.swift */; };
		4446EC122201A84800B6C52F /* Localizable.strings in Resources */ = {isa = PBXBuildFile; fileRef = 4446EC112201A84800B6C52F /* Localizable.strings */; };
		4446EC152201A96300B6C52F /* String.swift in Sources */ = {isa = PBXBuildFile; fileRef = 4446EC142201A96300B6C52F /* String.swift */; };
		4446EC202201B8D100B6C52F /* AutentiaScrumCardsUITests.swift in Sources */ = {isa = PBXBuildFile; fileRef = 4446EC1F2201B8D100B6C52F /* AutentiaScrumCardsUITests.swift */; };
		4480A88C21FB4E6C00071136 /* Media.xcassets in Resources */ = {isa = PBXBuildFile; fileRef = 4480A88B21FB4E6C00071136 /* Media.xcassets */; };
		4480A88E21FB4F0B00071136 /* Icons.xcassets in Resources */ = {isa = PBXBuildFile; fileRef = 4480A88D21FB4F0B00071136 /* Icons.xcassets */; };
		4480A89221FB5CDE00071136 /* Main.storyboard in Resources */ = {isa = PBXBuildFile; fileRef = 4480A89121FB5CDE00071136 /* Main.storyboard */; };
		4480A8BA21FB6DE100071136 /* MainViewController.swift in Sources */ = {isa = PBXBuildFile; fileRef = 4480A8B921FB6DE100071136 /* MainViewController.swift */; };
		4480A8BD21FB6F9B00071136 /* CardCell.swift in Sources */ = {isa = PBXBuildFile; fileRef = 4480A8BC21FB6F9B00071136 /* CardCell.swift */; };
		4480A8BF21FF022900071136 /* CardViewController.swift in Sources */ = {isa = PBXBuildFile; fileRef = 4480A8BE21FF022900071136 /* CardViewController.swift */; };
		4D543DDD18EF2CD2001A7DF7 /* LICENSE in Resources */ = {isa = PBXBuildFile; fileRef = 4D543DDC18EF2CD2001A7DF7 /* LICENSE */; };
/* End PBXBuildFile section */

/* Begin PBXContainerItemProxy section */
		4446EC222201B8D100B6C52F /* PBXContainerItemProxy */ = {
			isa = PBXContainerItemProxy;
			containerPortal = 29B97313FDCFA39411CA2CEA /* Project object */;
			proxyType = 1;
			remoteGlobalIDString = 1D6058900D05DD3D006BFB54;
			remoteInfo = AutentiaScrumCards;
		};
/* End PBXContainerItemProxy section */

/* Begin PBXFileReference section */
		1D30AB110D05D00D00671497 /* Foundation.framework */ = {isa = PBXFileReference; lastKnownFileType = wrapper.framework; name = Foundation.framework; path = System/Library/Frameworks/Foundation.framework; sourceTree = SDKROOT; };
		1D6058910D05DD3D006BFB54 /* AutentiaScrumCards.app */ = {isa = PBXFileReference; explicitFileType = wrapper.application; includeInIndex = 0; path = AutentiaScrumCards.app; sourceTree = BUILT_PRODUCTS_DIR; };
		1DF5F4DF0D08C38300B7A737 /* UIKit.framework */ = {isa = PBXFileReference; lastKnownFileType = wrapper.framework; name = UIKit.framework; path = System/Library/Frameworks/UIKit.framework; sourceTree = SDKROOT; };
		288765580DF743DE002DB57D /* CoreGraphics.framework */ = {isa = PBXFileReference; lastKnownFileType = wrapper.framework; name = CoreGraphics.framework; path = System/Library/Frameworks/CoreGraphics.framework; sourceTree = SDKROOT; };
		32CA4F630368D1EE00C91783 /* AutentiaScrumCards_Prefix.pch */ = {isa = PBXFileReference; fileEncoding = 4; lastKnownFileType = sourcecode.c.h; path = AutentiaScrumCards_Prefix.pch; sourceTree = "<group>"; };
		4446EBF621FF1DED00B6C52F /* AppDelegate.swift */ = {isa = PBXFileReference; fileEncoding = 4; lastKnownFileType = sourcecode.swift; path = AppDelegate.swift; sourceTree = "<group>"; };
		4446EBF821FF22D400B6C52F /* MainLaunchScreen.storyboard */ = {isa = PBXFileReference; lastKnownFileType = file.storyboard; path = MainLaunchScreen.storyboard; sourceTree = "<group>"; };
		4446EBFA21FF25EF00B6C52F /* Montserrat-Regular.ttf */ = {isa = PBXFileReference; lastKnownFileType = file; path = "Montserrat-Regular.ttf"; sourceTree = "<group>"; };
		4446EBFC21FF268800B6C52F /* Montserrat-SemiBold.ttf */ = {isa = PBXFileReference; lastKnownFileType = file; path = "Montserrat-SemiBold.ttf"; sourceTree = "<group>"; };
		4446EBFF21FF2A1E00B6C52F /* Card.swift */ = {isa = PBXFileReference; lastKnownFileType = sourcecode.swift; path = Card.swift; sourceTree = "<group>"; };
		4446EC0421FF2BF700B6C52F /* CardsViewModel.swift */ = {isa = PBXFileReference; lastKnownFileType = sourcecode.swift; path = CardsViewModel.swift; sourceTree = "<group>"; };
		4446EC0621FF64CA00B6C52F /* RestButtonHeader.swift */ = {isa = PBXFileReference; lastKnownFileType = sourcecode.swift; name = RestButtonHeader.swift; path = View/RestButtonHeader.swift; sourceTree = "<group>"; };
		4446EC082200685000B6C52F /* Montserrat-Light.ttf */ = {isa = PBXFileReference; lastKnownFileType = file; path = "Montserrat-Light.ttf"; sourceTree = "<group>"; };
		4446EC0A22006A7200B6C52F /* WorkSans-Regular.ttf */ = {isa = PBXFileReference; lastKnownFileType = file; path = "WorkSans-Regular.ttf"; sourceTree = "<group>"; };
		4446EC0C22006BBF00B6C52F /* OpenSans-Regular.ttf */ = {isa = PBXFileReference; lastKnownFileType = file; path = "OpenSans-Regular.ttf"; sourceTree = "<group>"; };
		4446EC0F22007DC400B6C52F /* QuestionViewController.swift */ = {isa = PBXFileReference; lastKnownFileType = sourcecode.swift; path = QuestionViewController.swift; sourceTree = "<group>"; };
		4446EC112201A84800B6C52F /* Localizable.strings */ = {isa = PBXFileReference; lastKnownFileType = text.plist.strings; path = Localizable.strings; sourceTree = "<group>"; };
		4446EC142201A96300B6C52F /* String.swift */ = {isa = PBXFileReference; lastKnownFileType = sourcecode.swift; path = String.swift; sourceTree = "<group>"; };
		4446EC1D2201B8D100B6C52F /* AutentiaScrumCardsUITests.xctest */ = {isa = PBXFileReference; explicitFileType = wrapper.cfbundle; includeInIndex = 0; path = AutentiaScrumCardsUITests.xctest; sourceTree = BUILT_PRODUCTS_DIR; };
		4446EC1F2201B8D100B6C52F /* AutentiaScrumCardsUITests.swift */ = {isa = PBXFileReference; lastKnownFileType = sourcecode.swift; path = AutentiaScrumCardsUITests.swift; sourceTree = "<group>"; };
		4446EC212201B8D100B6C52F /* Info.plist */ = {isa = PBXFileReference; lastKnownFileType = text.plist.xml; path = Info.plist; sourceTree = "<group>"; };
		4480A88B21FB4E6C00071136 /* Media.xcassets */ = {isa = PBXFileReference; lastKnownFileType = folder.assetcatalog; path = Media.xcassets; sourceTree = "<group>"; };
		4480A88D21FB4F0B00071136 /* Icons.xcassets */ = {isa = PBXFileReference; lastKnownFileType = folder.assetcatalog; path = Icons.xcassets; sourceTree = "<group>"; };
		4480A89121FB5CDE00071136 /* Main.storyboard */ = {isa = PBXFileReference; lastKnownFileType = file.storyboard; path = Main.storyboard; sourceTree = "<group>"; };
		4480A89321FB681600071136 /* AutentiaScrumCards-Bridging-Header.h */ = {isa = PBXFileReference; lastKnownFileType = sourcecode.c.h; path = "AutentiaScrumCards-Bridging-Header.h"; sourceTree = "<group>"; };
		4480A8B921FB6DE100071136 /* MainViewController.swift */ = {isa = PBXFileReference; lastKnownFileType = sourcecode.swift; path = MainViewController.swift; sourceTree = "<group>"; };
		4480A8BC21FB6F9B00071136 /* CardCell.swift */ = {isa = PBXFileReference; lastKnownFileType = sourcecode.swift; path = CardCell.swift; sourceTree = "<group>"; };
		4480A8BE21FF022900071136 /* CardViewController.swift */ = {isa = PBXFileReference; lastKnownFileType = sourcecode.swift; path = CardViewController.swift; sourceTree = "<group>"; };
		4D543DDC18EF2CD2001A7DF7 /* LICENSE */ = {isa = PBXFileReference; fileEncoding = 4; lastKnownFileType = text; path = LICENSE; sourceTree = "<group>"; };
		8D1107310486CEB800E47090 /* AutentiaScrumCards-Info.plist */ = {isa = PBXFileReference; fileEncoding = 4; lastKnownFileType = text.plist.xml; path = "AutentiaScrumCards-Info.plist"; plistStructureDefinitionIdentifier = "com.apple.xcode.plist.structure-definition.iphone.info-plist"; sourceTree = "<group>"; };
/* End PBXFileReference section */

/* Begin PBXFrameworksBuildPhase section */
		1D60588F0D05DD3D006BFB54 /* Frameworks */ = {
			isa = PBXFrameworksBuildPhase;
			buildActionMask = 2147483647;
			files = (
				1D60589F0D05DD5A006BFB54 /* Foundation.framework in Frameworks */,
				1DF5F4E00D08C38300B7A737 /* UIKit.framework in Frameworks */,
				288765590DF743DE002DB57D /* CoreGraphics.framework in Frameworks */,
			);
			runOnlyForDeploymentPostprocessing = 0;
		};
		4446EC1A2201B8D100B6C52F /* Frameworks */ = {
			isa = PBXFrameworksBuildPhase;
			buildActionMask = 2147483647;
			files = (
			);
			runOnlyForDeploymentPostprocessing = 0;
		};
/* End PBXFrameworksBuildPhase section */

/* Begin PBXGroup section */
		080E96DDFE201D6D7F000001 /* Application Delegate */ = {
			isa = PBXGroup;
			children = (
				4446EBF621FF1DED00B6C52F /* AppDelegate.swift */,
			);
			name = "Application Delegate";
			path = Classes;
			sourceTree = "<group>";
		};
		19C28FACFE9D520D11CA2CBB /* Products */ = {
			isa = PBXGroup;
			children = (
				1D6058910D05DD3D006BFB54 /* AutentiaScrumCards.app */,
				4446EC1D2201B8D100B6C52F /* AutentiaScrumCardsUITests.xctest */,
			);
			name = Products;
			sourceTree = "<group>";
		};
		281C6CD70DB2D82200F60ACC /* Flipside View */ = {
			isa = PBXGroup;
			children = (
				4480A8BE21FF022900071136 /* CardViewController.swift */,
			);
			name = "Flipside View";
			path = ..;
			sourceTree = "<group>";
		};
		289233A00DB2D0730083E9F9 /* Main View */ = {
			isa = PBXGroup;
			children = (
				4480A8BC21FB6F9B00071136 /* CardCell.swift */,
				4480A8B921FB6DE100071136 /* MainViewController.swift */,
				4446EC0621FF64CA00B6C52F /* RestButtonHeader.swift */,
			);
			name = "Main View";
			path = ..;
			sourceTree = "<group>";
		};
		29B97314FDCFA39411CA2CEA /* CustomTemplate */ = {
			isa = PBXGroup;
			children = (
				4446EC132201A94B00B6C52F /* Utilities */,
				4446EBFE21FF29F800B6C52F /* Model */,
				4446EC0221FF2BB700B6C52F /* ViewModel */,
				4446EC0321FF2BC700B6C52F /* View */,
				080E96DDFE201D6D7F000001 /* Application Delegate */,
				29B97315FDCFA39411CA2CEA /* Other Sources */,
				29B97317FDCFA39411CA2CEA /* Resources */,
				4446EC1E2201B8D100B6C52F /* AutentiaScrumCardsUITests */,
				29B97323FDCFA39411CA2CEA /* Frameworks */,
				19C28FACFE9D520D11CA2CBB /* Products */,
			);
			name = CustomTemplate;
			sourceTree = "<group>";
		};
		29B97315FDCFA39411CA2CEA /* Other Sources */ = {
			isa = PBXGroup;
			children = (
				32CA4F630368D1EE00C91783 /* AutentiaScrumCards_Prefix.pch */,
			);
			name = "Other Sources";
			sourceTree = "<group>";
		};
		29B97317FDCFA39411CA2CEA /* Resources */ = {
			isa = PBXGroup;
			children = (
				4446EC0C22006BBF00B6C52F /* OpenSans-Regular.ttf */,
				4446EC0A22006A7200B6C52F /* WorkSans-Regular.ttf */,
				4446EBFA21FF25EF00B6C52F /* Montserrat-Regular.ttf */,
				4446EBFC21FF268800B6C52F /* Montserrat-SemiBold.ttf */,
				4446EC082200685000B6C52F /* Montserrat-Light.ttf */,
				4D543DDC18EF2CD2001A7DF7 /* LICENSE */,
				4480A89321FB681600071136 /* AutentiaScrumCards-Bridging-Header.h */,
				8D1107310486CEB800E47090 /* AutentiaScrumCards-Info.plist */,
				4480A89121FB5CDE00071136 /* Main.storyboard */,
				4446EBF821FF22D400B6C52F /* MainLaunchScreen.storyboard */,
				4480A88D21FB4F0B00071136 /* Icons.xcassets */,
				4480A88B21FB4E6C00071136 /* Media.xcassets */,
				4446EC112201A84800B6C52F /* Localizable.strings */,
			);
			name = Resources;
			sourceTree = "<group>";
		};
		29B97323FDCFA39411CA2CEA /* Frameworks */ = {
			isa = PBXGroup;
			children = (
				1DF5F4DF0D08C38300B7A737 /* UIKit.framework */,
				1D30AB110D05D00D00671497 /* Foundation.framework */,
				288765580DF743DE002DB57D /* CoreGraphics.framework */,
			);
			name = Frameworks;
			sourceTree = "<group>";
		};
		4446EBFE21FF29F800B6C52F /* Model */ = {
			isa = PBXGroup;
			children = (
				4446EBFF21FF2A1E00B6C52F /* Card.swift */,
			);
			path = Model;
			sourceTree = "<group>";
		};
		4446EC0221FF2BB700B6C52F /* ViewModel */ = {
			isa = PBXGroup;
			children = (
				4446EC0421FF2BF700B6C52F /* CardsViewModel.swift */,
			);
			path = ViewModel;
			sourceTree = "<group>";
		};
		4446EC0321FF2BC700B6C52F /* View */ = {
			isa = PBXGroup;
			children = (
				4446EC0E22007CDD00B6C52F /* QuestionView */,
				289233A00DB2D0730083E9F9 /* Main View */,
				281C6CD70DB2D82200F60ACC /* Flipside View */,
			);
			path = View;
			sourceTree = "<group>";
		};
		4446EC0E22007CDD00B6C52F /* QuestionView */ = {
			isa = PBXGroup;
			children = (
				4446EC0F22007DC400B6C52F /* QuestionViewController.swift */,
			);
			path = QuestionView;
			sourceTree = "<group>";
		};
		4446EC132201A94B00B6C52F /* Utilities */ = {
			isa = PBXGroup;
			children = (
				4446EC142201A96300B6C52F /* String.swift */,
			);
			path = Utilities;
			sourceTree = "<group>";
		};
		4446EC1E2201B8D100B6C52F /* AutentiaScrumCardsUITests */ = {
			isa = PBXGroup;
			children = (
				4446EC1F2201B8D100B6C52F /* AutentiaScrumCardsUITests.swift */,
				4446EC212201B8D100B6C52F /* Info.plist */,
			);
			path = AutentiaScrumCardsUITests;
			sourceTree = "<group>";
		};
/* End PBXGroup section */

/* Begin PBXNativeTarget section */
		1D6058900D05DD3D006BFB54 /* AutentiaScrumCards */ = {
			isa = PBXNativeTarget;
			buildConfigurationList = 1D6058960D05DD3E006BFB54 /* Build configuration list for PBXNativeTarget "AutentiaScrumCards" */;
			buildPhases = (
				1D60588D0D05DD3D006BFB54 /* Resources */,
				1D60588E0D05DD3D006BFB54 /* Sources */,
				1D60588F0D05DD3D006BFB54 /* Frameworks */,
			);
			buildRules = (
			);
			dependencies = (
			);
			name = AutentiaScrumCards;
			productName = BarajaScrupAutentia;
			productReference = 1D6058910D05DD3D006BFB54 /* AutentiaScrumCards.app */;
			productType = "com.apple.product-type.application";
		};
		4446EC1C2201B8D100B6C52F /* AutentiaScrumCardsUITests */ = {
			isa = PBXNativeTarget;
			buildConfigurationList = 4446EC242201B8D100B6C52F /* Build configuration list for PBXNativeTarget "AutentiaScrumCardsUITests" */;
			buildPhases = (
				4446EC192201B8D100B6C52F /* Sources */,
				4446EC1A2201B8D100B6C52F /* Frameworks */,
				4446EC1B2201B8D100B6C52F /* Resources */,
			);
			buildRules = (
			);
			dependencies = (
				4446EC232201B8D100B6C52F /* PBXTargetDependency */,
			);
			name = AutentiaScrumCardsUITests;
			productName = AutentiaScrumCardsUITests;
			productReference = 4446EC1D2201B8D100B6C52F /* AutentiaScrumCardsUITests.xctest */;
			productType = "com.apple.product-type.bundle.ui-testing";
		};
/* End PBXNativeTarget section */

/* Begin PBXProject section */
		29B97313FDCFA39411CA2CEA /* Project object */ = {
			isa = PBXProject;
			attributes = {
				LastSwiftUpdateCheck = 1010;
				LastUpgradeCheck = 1010;
				TargetAttributes = {
					1D6058900D05DD3D006BFB54 = {
						LastSwiftMigration = 1010;
					};
					4446EC1C2201B8D100B6C52F = {
						CreatedOnToolsVersion = 10.1;
						TestTargetID = 1D6058900D05DD3D006BFB54;
					};
				};
			};
			buildConfigurationList = C01FCF4E08A954540054247B /* Build configuration list for PBXProject "AutentiaScrumCards" */;
			compatibilityVersion = "Xcode 3.1";
			developmentRegion = English;
			hasScannedForEncodings = 1;
			knownRegions = (
				English,
				Japanese,
				French,
				German,
				en,
			);
			mainGroup = 29B97314FDCFA39411CA2CEA /* CustomTemplate */;
			projectDirPath = "";
			projectRoot = "";
			targets = (
				1D6058900D05DD3D006BFB54 /* AutentiaScrumCards */,
				4446EC1C2201B8D100B6C52F /* AutentiaScrumCardsUITests */,
			);
		};
/* End PBXProject section */

/* Begin PBXResourcesBuildPhase section */
		1D60588D0D05DD3D006BFB54 /* Resources */ = {
			isa = PBXResourcesBuildPhase;
			buildActionMask = 2147483647;
			files = (
				4446EC092200685000B6C52F /* Montserrat-Light.ttf in Resources */,
				4446EBFB21FF25EF00B6C52F /* Montserrat-Regular.ttf in Resources */,
				4446EC122201A84800B6C52F /* Localizable.strings in Resources */,
				4480A89221FB5CDE00071136 /* Main.storyboard in Resources */,
				4480A88E21FB4F0B00071136 /* Icons.xcassets in Resources */,
				4D543DDD18EF2CD2001A7DF7 /* LICENSE in Resources */,
				4480A88C21FB4E6C00071136 /* Media.xcassets in Resources */,
				4446EBFD21FF268800B6C52F /* Montserrat-SemiBold.ttf in Resources */,
				4446EC0B22006A7200B6C52F /* WorkSans-Regular.ttf in Resources */,
				4446EBF921FF22D400B6C52F /* MainLaunchScreen.storyboard in Resources */,
				4446EC0D22006BBF00B6C52F /* OpenSans-Regular.ttf in Resources */,
			);
			runOnlyForDeploymentPostprocessing = 0;
		};
		4446EC1B2201B8D100B6C52F /* Resources */ = {
			isa = PBXResourcesBuildPhase;
			buildActionMask = 2147483647;
			files = (
			);
			runOnlyForDeploymentPostprocessing = 0;
		};
/* End PBXResourcesBuildPhase section */

/* Begin PBXSourcesBuildPhase section */
		1D60588E0D05DD3D006BFB54 /* Sources */ = {
			isa = PBXSourcesBuildPhase;
			buildActionMask = 2147483647;
			files = (
				4446EBF721FF1DEE00B6C52F /* AppDelegate.swift in Sources */,
				4480A8BD21FB6F9B00071136 /* CardCell.swift in Sources */,
				4446EC0021FF2A1E00B6C52F /* Card.swift in Sources */,
				4446EC152201A96300B6C52F /* String.swift in Sources */,
				4480A8BF21FF022900071136 /* CardViewController.swift in Sources */,
				4446EC0521FF2BF700B6C52F /* CardsViewModel.swift in Sources */,
				4480A8BA21FB6DE100071136 /* MainViewController.swift in Sources */,
				4446EC1022007DC400B6C52F /* QuestionViewController.swift in Sources */,
				4446EC0721FF64CA00B6C52F /* RestButtonHeader.swift in Sources */,
			);
			runOnlyForDeploymentPostprocessing = 0;
		};
		4446EC192201B8D100B6C52F /* Sources */ = {
			isa = PBXSourcesBuildPhase;
			buildActionMask = 2147483647;
			files = (
				4446EC202201B8D100B6C52F /* AutentiaScrumCardsUITests.swift in Sources */,
			);
			runOnlyForDeploymentPostprocessing = 0;
		};
/* End PBXSourcesBuildPhase section */

/* Begin PBXTargetDependency section */
		4446EC232201B8D100B6C52F /* PBXTargetDependency */ = {
			isa = PBXTargetDependency;
			target = 1D6058900D05DD3D006BFB54 /* AutentiaScrumCards */;
			targetProxy = 4446EC222201B8D100B6C52F /* PBXContainerItemProxy */;
		};
/* End PBXTargetDependency section */

/* Begin XCBuildConfiguration section */
		1D6058940D05DD3E006BFB54 /* Debug */ = {
			isa = XCBuildConfiguration;
			buildSettings = {
				ALWAYS_SEARCH_USER_PATHS = NO;
				ASSETCATALOG_COMPILER_APPICON_NAME = AppIcon;
				CLANG_ENABLE_MODULES = YES;
				CLANG_ENABLE_OBJC_WEAK = YES;
				COPY_PHASE_STRIP = NO;
				GCC_DYNAMIC_NO_PIC = NO;
				GCC_OPTIMIZATION_LEVEL = 0;
				GCC_PRECOMPILE_PREFIX_HEADER = YES;
				GCC_PREFIX_HEADER = AutentiaScrumCards_Prefix.pch;
				INFOPLIST_FILE = "AutentiaScrumCards-Info.plist";
				LD_RUNPATH_SEARCH_PATHS = "$(inherited) @executable_path/Frameworks";
				PRODUCT_BUNDLE_IDENTIFIER = "com.yourcompany.${PRODUCT_NAME:rfc1034identifier}";
				PRODUCT_NAME = AutentiaScrumCards;
				SWIFT_OBJC_BRIDGING_HEADER = "AutentiaScrumCards-Bridging-Header.h";
				SWIFT_OPTIMIZATION_LEVEL = "-Onone";
				SWIFT_VERSION = 4.2;
				TARGETED_DEVICE_FAMILY = "1,2";
			};
			name = Debug;
		};
		1D6058950D05DD3E006BFB54 /* Release */ = {
			isa = XCBuildConfiguration;
			buildSettings = {
				ALWAYS_SEARCH_USER_PATHS = NO;
				ASSETCATALOG_COMPILER_APPICON_NAME = AppIcon;
				CLANG_ENABLE_MODULES = YES;
				CLANG_ENABLE_OBJC_WEAK = YES;
				COPY_PHASE_STRIP = YES;
				GCC_PRECOMPILE_PREFIX_HEADER = YES;
				GCC_PREFIX_HEADER = AutentiaScrumCards_Prefix.pch;
				INFOPLIST_FILE = "AutentiaScrumCards-Info.plist";
				LD_RUNPATH_SEARCH_PATHS = "$(inherited) @executable_path/Frameworks";
				PRODUCT_BUNDLE_IDENTIFIER = "com.yourcompany.${PRODUCT_NAME:rfc1034identifier}";
				PRODUCT_NAME = AutentiaScrumCards;
				SWIFT_OBJC_BRIDGING_HEADER = "AutentiaScrumCards-Bridging-Header.h";
				SWIFT_VERSION = 4.2;
				TARGETED_DEVICE_FAMILY = "1,2";
			};
			name = Release;
		};
		4446EC252201B8D100B6C52F /* Debug */ = {
			isa = XCBuildConfiguration;
			buildSettings = {
				ALWAYS_SEARCH_USER_PATHS = NO;
				CLANG_ANALYZER_NONNULL = YES;
				CLANG_ANALYZER_NUMBER_OBJECT_CONVERSION = YES_AGGRESSIVE;
				CLANG_CXX_LANGUAGE_STANDARD = "gnu++14";
				CLANG_CXX_LIBRARY = "libc++";
				CLANG_ENABLE_MODULES = YES;
				CLANG_ENABLE_OBJC_WEAK = YES;
				CLANG_WARN_DIRECT_OBJC_ISA_USAGE = YES_ERROR;
				CLANG_WARN_DOCUMENTATION_COMMENTS = YES;
				CLANG_WARN_OBJC_ROOT_CLASS = YES_ERROR;
				CLANG_WARN_UNGUARDED_AVAILABILITY = YES_AGGRESSIVE;
				CODE_SIGN_IDENTITY = "iPhone Developer";
				CODE_SIGN_STYLE = Automatic;
				COPY_PHASE_STRIP = NO;
				DEBUG_INFORMATION_FORMAT = dwarf;
				GCC_C_LANGUAGE_STANDARD = gnu11;
				GCC_DYNAMIC_NO_PIC = NO;
				GCC_OPTIMIZATION_LEVEL = 0;
				GCC_PREPROCESSOR_DEFINITIONS = (
					"DEBUG=1",
					"$(inherited)",
				);
				GCC_WARN_ABOUT_RETURN_TYPE = YES_ERROR;
				GCC_WARN_UNINITIALIZED_AUTOS = YES_AGGRESSIVE;
				INFOPLIST_FILE = AutentiaScrumCardsUITests/Info.plist;
				IPHONEOS_DEPLOYMENT_TARGET = 12.1;
				LD_RUNPATH_SEARCH_PATHS = "$(inherited) @executable_path/Frameworks @loader_path/Frameworks";
				MTL_ENABLE_DEBUG_INFO = INCLUDE_SOURCE;
				MTL_FAST_MATH = YES;
				PRODUCT_BUNDLE_IDENTIFIER = com.autentia.AutentiaScrumCardsUITests;
				PRODUCT_NAME = "$(TARGET_NAME)";
				SWIFT_ACTIVE_COMPILATION_CONDITIONS = DEBUG;
				SWIFT_OPTIMIZATION_LEVEL = "-Onone";
				SWIFT_VERSION = 4.2;
				TARGETED_DEVICE_FAMILY = "1,2";
				TEST_TARGET_NAME = AutentiaScrumCards;
			};
			name = Debug;
		};
		4446EC262201B8D100B6C52F /* Release */ = {
			isa = XCBuildConfiguration;
			buildSettings = {
				ALWAYS_SEARCH_USER_PATHS = NO;
				CLANG_ANALYZER_NONNULL = YES;
				CLANG_ANALYZER_NUMBER_OBJECT_CONVERSION = YES_AGGRESSIVE;
				CLANG_CXX_LANGUAGE_STANDARD = "gnu++14";
				CLANG_CXX_LIBRARY = "libc++";
				CLANG_ENABLE_MODULES = YES;
				CLANG_ENABLE_OBJC_WEAK = YES;
				CLANG_WARN_DIRECT_OBJC_ISA_USAGE = YES_ERROR;
				CLANG_WARN_DOCUMENTATION_COMMENTS = YES;
				CLANG_WARN_OBJC_ROOT_CLASS = YES_ERROR;
				CLANG_WARN_UNGUARDED_AVAILABILITY = YES_AGGRESSIVE;
				CODE_SIGN_IDENTITY = "iPhone Developer";
				CODE_SIGN_STYLE = Automatic;
				COPY_PHASE_STRIP = NO;
				DEBUG_INFORMATION_FORMAT = "dwarf-with-dsym";
				ENABLE_NS_ASSERTIONS = NO;
				GCC_C_LANGUAGE_STANDARD = gnu11;
				GCC_WARN_ABOUT_RETURN_TYPE = YES_ERROR;
				GCC_WARN_UNINITIALIZED_AUTOS = YES_AGGRESSIVE;
				INFOPLIST_FILE = AutentiaScrumCardsUITests/Info.plist;
				IPHONEOS_DEPLOYMENT_TARGET = 12.1;
				LD_RUNPATH_SEARCH_PATHS = "$(inherited) @executable_path/Frameworks @loader_path/Frameworks";
				MTL_ENABLE_DEBUG_INFO = NO;
				MTL_FAST_MATH = YES;
				PRODUCT_BUNDLE_IDENTIFIER = com.autentia.AutentiaScrumCardsUITests;
				PRODUCT_NAME = "$(TARGET_NAME)";
				SWIFT_OPTIMIZATION_LEVEL = "-Owholemodule";
				SWIFT_VERSION = 4.2;
				TARGETED_DEVICE_FAMILY = "1,2";
				TEST_TARGET_NAME = AutentiaScrumCards;
				VALIDATE_PRODUCT = YES;
			};
			name = Release;
		};
		C01FCF4F08A954540054247B /* Debug */ = {
			isa = XCBuildConfiguration;
			buildSettings = {
				CLANG_ANALYZER_LOCALIZABILITY_NONLOCALIZED = YES;
				CLANG_ENABLE_OBJC_ARC = YES;
				CLANG_WARN_BLOCK_CAPTURE_AUTORELEASING = YES;
				CLANG_WARN_BOOL_CONVERSION = YES;
				CLANG_WARN_COMMA = YES;
				CLANG_WARN_CONSTANT_CONVERSION = YES;
				CLANG_WARN_DEPRECATED_OBJC_IMPLEMENTATIONS = YES;
				CLANG_WARN_EMPTY_BODY = YES;
				CLANG_WARN_ENUM_CONVERSION = YES;
				CLANG_WARN_INFINITE_RECURSION = YES;
				CLANG_WARN_INT_CONVERSION = YES;
				CLANG_WARN_NON_LITERAL_NULL_CONVERSION = YES;
				CLANG_WARN_OBJC_IMPLICIT_RETAIN_SELF = YES;
				CLANG_WARN_OBJC_LITERAL_CONVERSION = YES;
				CLANG_WARN_RANGE_LOOP_ANALYSIS = YES;
				CLANG_WARN_STRICT_PROTOTYPES = YES;
				CLANG_WARN_SUSPICIOUS_MOVE = YES;
				CLANG_WARN_UNREACHABLE_CODE = YES;
				CLANG_WARN__DUPLICATE_METHOD_MATCH = YES;
				"CODE_SIGN_IDENTITY[sdk=iphoneos*]" = "iPhone Developer";
				ENABLE_STRICT_OBJC_MSGSEND = YES;
				ENABLE_TESTABILITY = YES;
				GCC_C_LANGUAGE_STANDARD = c99;
				GCC_NO_COMMON_BLOCKS = YES;
				GCC_WARN_64_TO_32_BIT_CONVERSION = YES;
				GCC_WARN_ABOUT_RETURN_TYPE = YES;
				GCC_WARN_UNDECLARED_SELECTOR = YES;
				GCC_WARN_UNINITIALIZED_AUTOS = YES;
				GCC_WARN_UNUSED_FUNCTION = YES;
				GCC_WARN_UNUSED_VARIABLE = YES;
				IPHONEOS_DEPLOYMENT_TARGET = 12.0;
				ONLY_ACTIVE_ARCH = YES;
				SDKROOT = iphoneos;
			};
			name = Debug;
		};
		C01FCF5008A954540054247B /* Release */ = {
			isa = XCBuildConfiguration;
			buildSettings = {
				CLANG_ANALYZER_LOCALIZABILITY_NONLOCALIZED = YES;
				CLANG_ENABLE_OBJC_ARC = YES;
				CLANG_WARN_BLOCK_CAPTURE_AUTORELEASING = YES;
				CLANG_WARN_BOOL_CONVERSION = YES;
				CLANG_WARN_COMMA = YES;
				CLANG_WARN_CONSTANT_CONVERSION = YES;
				CLANG_WARN_DEPRECATED_OBJC_IMPLEMENTATIONS = YES;
				CLANG_WARN_EMPTY_BODY = YES;
				CLANG_WARN_ENUM_CONVERSION = YES;
				CLANG_WARN_INFINITE_RECURSION = YES;
				CLANG_WARN_INT_CONVERSION = YES;
				CLANG_WARN_NON_LITERAL_NULL_CONVERSION = YES;
				CLANG_WARN_OBJC_IMPLICIT_RETAIN_SELF = YES;
				CLANG_WARN_OBJC_LITERAL_CONVERSION = YES;
				CLANG_WARN_RANGE_LOOP_ANALYSIS = YES;
				CLANG_WARN_STRICT_PROTOTYPES = YES;
				CLANG_WARN_SUSPICIOUS_MOVE = YES;
				CLANG_WARN_UNREACHABLE_CODE = YES;
				CLANG_WARN__DUPLICATE_METHOD_MATCH = YES;
				"CODE_SIGN_IDENTITY[sdk=iphoneos*]" = "iPhone Developer";
				ENABLE_STRICT_OBJC_MSGSEND = YES;
				GCC_C_LANGUAGE_STANDARD = c99;
				GCC_NO_COMMON_BLOCKS = YES;
				GCC_WARN_64_TO_32_BIT_CONVERSION = YES;
				GCC_WARN_ABOUT_RETURN_TYPE = YES;
				GCC_WARN_UNDECLARED_SELECTOR = YES;
				GCC_WARN_UNINITIALIZED_AUTOS = YES;
				GCC_WARN_UNUSED_FUNCTION = YES;
				GCC_WARN_UNUSED_VARIABLE = YES;
				IPHONEOS_DEPLOYMENT_TARGET = 12.0;
				SDKROOT = iphoneos;
			};
			name = Release;
		};
/* End XCBuildConfiguration section */

/* Begin XCConfigurationList section */
		1D6058960D05DD3E006BFB54 /* Build configuration list for PBXNativeTarget "AutentiaScrumCards" */ = {
			isa = XCConfigurationList;
			buildConfigurations = (
				1D6058940D05DD3E006BFB54 /* Debug */,
				1D6058950D05DD3E006BFB54 /* Release */,
			);
			defaultConfigurationIsVisible = 0;
			defaultConfigurationName = Release;
		};
		4446EC242201B8D100B6C52F /* Build configuration list for PBXNativeTarget "AutentiaScrumCardsUITests" */ = {
			isa = XCConfigurationList;
			buildConfigurations = (
				4446EC252201B8D100B6C52F /* Debug */,
				4446EC262201B8D100B6C52F /* Release */,
			);
			defaultConfigurationIsVisible = 0;
			defaultConfigurationName = Release;
		};
		C01FCF4E08A954540054247B /* Build configuration list for PBXProject "AutentiaScrumCards" */ = {
			isa = XCConfigurationList;
			buildConfigurations = (
				C01FCF4F08A954540054247B /* Debug */,
				C01FCF5008A954540054247B /* Release */,
			);
			defaultConfigurationIsVisible = 0;
			defaultConfigurationName = Release;
		};
/* End XCConfigurationList section */
	};
	rootObject = 29B97313FDCFA39411CA2CEA /* Project object */;
}
